// !$*UTF8*$!
{
	archiveVersion = 1;
	classes = {
	};
	objectVersion = 55;
	objects = {

/* Begin PBXBuildFile section */
		1843547128E6A076006CE934 /* AppDelegate.m in Sources */ = {isa = PBXBuildFile; fileRef = 1843547028E6A076006CE934 /* AppDelegate.m */; };
		1843547428E6A076006CE934 /* SceneDelegate.m in Sources */ = {isa = PBXBuildFile; fileRef = 1843547328E6A076006CE934 /* SceneDelegate.m */; };
		1843547728E6A076006CE934 /* ViewController.m in Sources */ = {isa = PBXBuildFile; fileRef = 1843547628E6A076006CE934 /* ViewController.m */; };
		1843547A28E6A076006CE934 /* Main.storyboard in Resources */ = {isa = PBXBuildFile; fileRef = 1843547828E6A076006CE934 /* Main.storyboard */; };
		1843547C28E6A079006CE934 /* Assets.xcassets in Resources */ = {isa = PBXBuildFile; fileRef = 1843547B28E6A079006CE934 /* Assets.xcassets */; };
		1843547F28E6A079006CE934 /* LaunchScreen.storyboard in Resources */ = {isa = PBXBuildFile; fileRef = 1843547D28E6A079006CE934 /* LaunchScreen.storyboard */; };
		1843548228E6A079006CE934 /* main.m in Sources */ = {isa = PBXBuildFile; fileRef = 1843548128E6A079006CE934 /* main.m */; };
		1843549028E6A0DD006CE934 /* JoySDK.framework in Frameworks */ = {isa = PBXBuildFile; fileRef = 1843548F28E6A0DD006CE934 /* JoySDK.framework */; };
		18959B922993419A00A38EF4 /* LCCollectionWaterfallLayout.m in Sources */ = {isa = PBXBuildFile; fileRef = 18959B8F2993419A00A38EF4 /* LCCollectionWaterfallLayout.m */; };
		18959B932993419A00A38EF4 /* ASGameCollectionViewCell.m in Sources */ = {isa = PBXBuildFile; fileRef = 18959B912993419A00A38EF4 /* ASGameCollectionViewCell.m */; };
		189E48A028F8FBDF00C8047C /* GameInfo.m in Sources */ = {isa = PBXBuildFile; fileRef = 189E489F28F8FBDF00C8047C /* GameInfo.m */; };
/* End PBXBuildFile section */

/* Begin PBXFileReference section */
		1843546C28E6A076006CE934 /* Demo.app */ = {isa = PBXFileReference; explicitFileType = wrapper.application; includeInIndex = 0; path = Demo.app; sourceTree = BUILT_PRODUCTS_DIR; };
		1843546F28E6A076006CE934 /* AppDelegate.h */ = {isa = PBXFileReference; lastKnownFileType = sourcecode.c.h; path = AppDelegate.h; sourceTree = "<group>"; };
		1843547028E6A076006CE934 /* AppDelegate.m */ = {isa = PBXFileReference; lastKnownFileType = sourcecode.c.objc; path = AppDelegate.m; sourceTree = "<group>"; };
		1843547228E6A076006CE934 /* SceneDelegate.h */ = {isa = PBXFileReference; lastKnownFileType = sourcecode.c.h; path = SceneDelegate.h; sourceTree = "<group>"; };
		1843547328E6A076006CE934 /* SceneDelegate.m */ = {isa = PBXFileReference; lastKnownFileType = sourcecode.c.objc; path = SceneDelegate.m; sourceTree = "<group>"; };
		1843547528E6A076006CE934 /* ViewController.h */ = {isa = PBXFileReference; lastKnownFileType = sourcecode.c.h; path = ViewController.h; sourceTree = "<group>"; };
		1843547628E6A076006CE934 /* ViewController.m */ = {isa = PBXFileReference; lastKnownFileType = sourcecode.c.objc; path = ViewController.m; sourceTree = "<group>"; };
		1843547928E6A076006CE934 /* Base */ = {isa = PBXFileReference; lastKnownFileType = file.storyboard; name = Base; path = Base.lproj/Main.storyboard; sourceTree = "<group>"; };
		1843547B28E6A079006CE934 /* Assets.xcassets */ = {isa = PBXFileReference; lastKnownFileType = folder.assetcatalog; path = Assets.xcassets; sourceTree = "<group>"; };
		1843547E28E6A079006CE934 /* Base */ = {isa = PBXFileReference; lastKnownFileType = file.storyboard; name = Base; path = Base.lproj/LaunchScreen.storyboard; sourceTree = "<group>"; };
		1843548028E6A079006CE934 /* Info.plist */ = {isa = PBXFileReference; lastKnownFileType = text.plist.xml; path = Info.plist; sourceTree = "<group>"; };
		1843548128E6A079006CE934 /* main.m */ = {isa = PBXFileReference; lastKnownFileType = sourcecode.c.objc; path = main.m; sourceTree = "<group>"; };
		1843548F28E6A0DD006CE934 /* JoySDK.framework */ = {isa = PBXFileReference; explicitFileType = wrapper.framework; path = JoySDK.framework; sourceTree = BUILT_PRODUCTS_DIR; };
		184354A128E6CF08006CE934 /* Header.h */ = {isa = PBXFileReference; lastKnownFileType = sourcecode.c.h; path = Header.h; sourceTree = "<group>"; };
		18959B8E2993419A00A38EF4 /* LCCollectionWaterfallLayout.h */ = {isa = PBXFileReference; fileEncoding = 4; lastKnownFileType = sourcecode.c.h; path = LCCollectionWaterfallLayout.h; sourceTree = "<group>"; };
		18959B8F2993419A00A38EF4 /* LCCollectionWaterfallLayout.m */ = {isa = PBXFileReference; fileEncoding = 4; lastKnownFileType = sourcecode.c.objc; path = LCCollectionWaterfallLayout.m; sourceTree = "<group>"; };
		18959B902993419A00A38EF4 /* ASGameCollectionViewCell.h */ = {isa = PBXFileReference; fileEncoding = 4; lastKnownFileType = sourcecode.c.h; path = ASGameCollectionViewCell.h; sourceTree = "<group>"; };
		18959B912993419A00A38EF4 /* ASGameCollectionViewCell.m */ = {isa = PBXFileReference; fileEncoding = 4; lastKnownFileType = sourcecode.c.objc; path = ASGameCollectionViewCell.m; sourceTree = "<group>"; };
		189E489E28F8FBDF00C8047C /* GameInfo.h */ = {isa = PBXFileReference; lastKnownFileType = sourcecode.c.h; path = GameInfo.h; sourceTree = "<group>"; };
		189E489F28F8FBDF00C8047C /* GameInfo.m */ = {isa = PBXFileReference; lastKnownFileType = sourcecode.c.objc; path = GameInfo.m; sourceTree = "<group>"; };
		7A032A2F9FECDA53711FF6E8 /* Pods-Demo.release.xcconfig */ = {isa = PBXFileReference; includeInIndex = 1; lastKnownFileType = text.xcconfig; name = "Pods-Demo.release.xcconfig"; path = "Target Support Files/Pods-Demo/Pods-Demo.release.xcconfig"; sourceTree = "<group>"; };
		A4800EAA56A7D6035B0E491E /* Pods-Demo.debug.xcconfig */ = {isa = PBXFileReference; includeInIndex = 1; lastKnownFileType = text.xcconfig; name = "Pods-Demo.debug.xcconfig"; path = "Target Support Files/Pods-Demo/Pods-Demo.debug.xcconfig"; sourceTree = "<group>"; };
/* End PBXFileReference section */

/* Begin PBXFrameworksBuildPhase section */
		1843546928E6A076006CE934 /* Frameworks */ = {
			isa = PBXFrameworksBuildPhase;
			buildActionMask = 2147483647;
			files = (
				1843549028E6A0DD006CE934 /* JoySDK.framework in Frameworks */,
			);
			runOnlyForDeploymentPostprocessing = 0;
		};
/* End PBXFrameworksBuildPhase section */

/* Begin PBXGroup section */
		0FCDC34D3CA9CCEA6BC96CC8 /* Pods */ = {
			isa = PBXGroup;
			children = (
				A4800EAA56A7D6035B0E491E /* Pods-Demo.debug.xcconfig */,
				7A032A2F9FECDA53711FF6E8 /* Pods-Demo.release.xcconfig */,
			);
			path = Pods;
			sourceTree = "<group>";
		};
		1843546328E6A076006CE934 = {
			isa = PBXGroup;
			children = (
				1843546E28E6A076006CE934 /* Demo */,
				1843546D28E6A076006CE934 /* Products */,
				1843548E28E6A0DD006CE934 /* Frameworks */,
				0FCDC34D3CA9CCEA6BC96CC8 /* Pods */,
			);
			sourceTree = "<group>";
		};
		1843546D28E6A076006CE934 /* Products */ = {
			isa = PBXGroup;
			children = (
				1843546C28E6A076006CE934 /* Demo.app */,
			);
			name = Products;
			sourceTree = "<group>";
		};
		1843546E28E6A076006CE934 /* Demo */ = {
			isa = PBXGroup;
			children = (
				184354A128E6CF08006CE934 /* Header.h */,
				1843546F28E6A076006CE934 /* AppDelegate.h */,
				1843547028E6A076006CE934 /* AppDelegate.m */,
				1843547228E6A076006CE934 /* SceneDelegate.h */,
				1843547328E6A076006CE934 /* SceneDelegate.m */,
				1843547528E6A076006CE934 /* ViewController.h */,
				1843547628E6A076006CE934 /* ViewController.m */,
				18959B902993419A00A38EF4 /* ASGameCollectionViewCell.h */,
				18959B912993419A00A38EF4 /* ASGameCollectionViewCell.m */,
				18959B8E2993419A00A38EF4 /* LCCollectionWaterfallLayout.h */,
				18959B8F2993419A00A38EF4 /* LCCollectionWaterfallLayout.m */,
				1843547828E6A076006CE934 /* Main.storyboard */,
				1843547B28E6A079006CE934 /* Assets.xcassets */,
				1843547D28E6A079006CE934 /* LaunchScreen.storyboard */,
				1843548028E6A079006CE934 /* Info.plist */,
				1843548128E6A079006CE934 /* main.m */,
				189E489E28F8FBDF00C8047C /* GameInfo.h */,
				189E489F28F8FBDF00C8047C /* GameInfo.m */,
			);
			path = Demo;
			sourceTree = "<group>";
		};
		1843548E28E6A0DD006CE934 /* Frameworks */ = {
			isa = PBXGroup;
			children = (
				1843548F28E6A0DD006CE934 /* JoySDK.framework */,
			);
			name = Frameworks;
			sourceTree = "<group>";
		};
/* End PBXGroup section */

/* Begin PBXNativeTarget section */
		1843546B28E6A076006CE934 /* Demo */ = {
			isa = PBXNativeTarget;
			buildConfigurationList = 1843548528E6A079006CE934 /* Build configuration list for PBXNativeTarget "Demo" */;
			buildPhases = (
				C1A44704474B1DAD5E8BCDA3 /* [CP] Check Pods Manifest.lock */,
				1843546828E6A076006CE934 /* Sources */,
				1843546928E6A076006CE934 /* Frameworks */,
				1843546A28E6A076006CE934 /* Resources */,
			);
			buildRules = (
			);
			dependencies = (
			);
			name = Demo;
			productName = Demo;
			productReference = 1843546C28E6A076006CE934 /* Demo.app */;
			productType = "com.apple.product-type.application";
		};
/* End PBXNativeTarget section */

/* Begin PBXProject section */
		1843546428E6A076006CE934 /* Project object */ = {
			isa = PBXProject;
			attributes = {
				BuildIndependentTargetsInParallel = 1;
				LastUpgradeCheck = 1320;
				TargetAttributes = {
					1843546B28E6A076006CE934 = {
						CreatedOnToolsVersion = 13.2;
					};
				};
			};
			buildConfigurationList = 1843546728E6A076006CE934 /* Build configuration list for PBXProject "Demo" */;
			compatibilityVersion = "Xcode 13.0";
			developmentRegion = en;
			hasScannedForEncodings = 0;
			knownRegions = (
				en,
				Base,
			);
			mainGroup = 1843546328E6A076006CE934;
			productRefGroup = 1843546D28E6A076006CE934 /* Products */;
			projectDirPath = "";
			projectRoot = "";
			targets = (
				1843546B28E6A076006CE934 /* Demo */,
			);
		};
/* End PBXProject section */

/* Begin PBXResourcesBuildPhase section */
		1843546A28E6A076006CE934 /* Resources */ = {
			isa = PBXResourcesBuildPhase;
			buildActionMask = 2147483647;
			files = (
				1843547F28E6A079006CE934 /* LaunchScreen.storyboard in Resources */,
				1843547C28E6A079006CE934 /* Assets.xcassets in Resources */,
				1843547A28E6A076006CE934 /* Main.storyboard in Resources */,
			);
			runOnlyForDeploymentPostprocessing = 0;
		};
/* End PBXResourcesBuildPhase section */

/* Begin PBXShellScriptBuildPhase section */
		C1A44704474B1DAD5E8BCDA3 /* [CP] Check Pods Manifest.lock */ = {
			isa = PBXShellScriptBuildPhase;
			buildActionMask = 2147483647;
			files = (
			);
			inputFileListPaths = (
			);
			inputPaths = (
				"${PODS_PODFILE_DIR_PATH}/Podfile.lock",
				"${PODS_ROOT}/Manifest.lock",
			);
			name = "[CP] Check Pods Manifest.lock";
			outputFileListPaths = (
			);
			outputPaths = (
				"$(DERIVED_FILE_DIR)/Pods-Demo-checkManifestLockResult.txt",
			);
			runOnlyForDeploymentPostprocessing = 0;
			shellPath = /bin/sh;
			shellScript = "diff \"${PODS_PODFILE_DIR_PATH}/Podfile.lock\" \"${PODS_ROOT}/Manifest.lock\" > /dev/null\nif [ $? != 0 ] ; then\n    # print error to STDERR\n    echo \"error: The sandbox is not in sync with the Podfile.lock. Run 'pod install' or update your CocoaPods installation.\" >&2\n    exit 1\nfi\n# This output is used by Xcode 'outputs' to avoid re-running this script phase.\necho \"SUCCESS\" > \"${SCRIPT_OUTPUT_FILE_0}\"\n";
			showEnvVarsInLog = 0;
		};
/* End PBXShellScriptBuildPhase section */

/* Begin PBXSourcesBuildPhase section */
		1843546828E6A076006CE934 /* Sources */ = {
			isa = PBXSourcesBuildPhase;
			buildActionMask = 2147483647;
			files = (
				1843547728E6A076006CE934 /* ViewController.m in Sources */,
				189E48A028F8FBDF00C8047C /* GameInfo.m in Sources */,
				1843547128E6A076006CE934 /* AppDelegate.m in Sources */,
				18959B922993419A00A38EF4 /* LCCollectionWaterfallLayout.m in Sources */,
				1843548228E6A079006CE934 /* main.m in Sources */,
				1843547428E6A076006CE934 /* SceneDelegate.m in Sources */,
				18959B932993419A00A38EF4 /* ASGameCollectionViewCell.m in Sources */,
			);
			runOnlyForDeploymentPostprocessing = 0;
		};
/* End PBXSourcesBuildPhase section */

/* Begin PBXVariantGroup section */
		1843547828E6A076006CE934 /* Main.storyboard */ = {
			isa = PBXVariantGroup;
			children = (
				1843547928E6A076006CE934 /* Base */,
			);
			name = Main.storyboard;
			sourceTree = "<group>";
		};
		1843547D28E6A079006CE934 /* LaunchScreen.storyboard */ = {
			isa = PBXVariantGroup;
			children = (
				1843547E28E6A079006CE934 /* Base */,
			);
			name = LaunchScreen.storyboard;
			sourceTree = "<group>";
		};
/* End PBXVariantGroup section */

/* Begin XCBuildConfiguration section */
		1843548328E6A079006CE934 /* Debug */ = {
			isa = XCBuildConfiguration;
			buildSettings = {
				ALWAYS_SEARCH_USER_PATHS = NO;
				CLANG_ANALYZER_NONNULL = YES;
				CLANG_ANALYZER_NUMBER_OBJECT_CONVERSION = YES_AGGRESSIVE;
				CLANG_CXX_LANGUAGE_STANDARD = "gnu++17";
				CLANG_CXX_LIBRARY = "libc++";
				CLANG_ENABLE_MODULES = YES;
				CLANG_ENABLE_OBJC_ARC = YES;
				CLANG_ENABLE_OBJC_WEAK = YES;
				CLANG_WARN_BLOCK_CAPTURE_AUTORELEASING = YES;
				CLANG_WARN_BOOL_CONVERSION = YES;
				CLANG_WARN_COMMA = YES;
				CLANG_WARN_CONSTANT_CONVERSION = YES;
				CLANG_WARN_DEPRECATED_OBJC_IMPLEMENTATIONS = YES;
				CLANG_WARN_DIRECT_OBJC_ISA_USAGE = YES_ERROR;
				CLANG_WARN_DOCUMENTATION_COMMENTS = YES;
				CLANG_WARN_EMPTY_BODY = YES;
				CLANG_WARN_ENUM_CONVERSION = YES;
				CLANG_WARN_INFINITE_RECURSION = YES;
				CLANG_WARN_INT_CONVERSION = YES;
				CLANG_WARN_NON_LITERAL_NULL_CONVERSION = YES;
				CLANG_WARN_OBJC_IMPLICIT_RETAIN_SELF = YES;
				CLANG_WARN_OBJC_LITERAL_CONVERSION = YES;
				CLANG_WARN_OBJC_ROOT_CLASS = YES_ERROR;
				CLANG_WARN_QUOTED_INCLUDE_IN_FRAMEWORK_HEADER = YES;
				CLANG_WARN_RANGE_LOOP_ANALYSIS = YES;
				CLANG_WARN_STRICT_PROTOTYPES = YES;
				CLANG_WARN_SUSPICIOUS_MOVE = YES;
				CLANG_WARN_UNGUARDED_AVAILABILITY = YES_AGGRESSIVE;
				CLANG_WARN_UNREACHABLE_CODE = YES;
				CLANG_WARN__DUPLICATE_METHOD_MATCH = YES;
				COPY_PHASE_STRIP = NO;
				DEBUG_INFORMATION_FORMAT = dwarf;
				ENABLE_STRICT_OBJC_MSGSEND = YES;
				ENABLE_TESTABILITY = YES;
				GCC_C_LANGUAGE_STANDARD = gnu11;
				GCC_DYNAMIC_NO_PIC = NO;
				GCC_NO_COMMON_BLOCKS = YES;
				GCC_OPTIMIZATION_LEVEL = 0;
				GCC_PREPROCESSOR_DEFINITIONS = (
					"DEBUG=1",
					"$(inherited)",
				);
				GCC_WARN_64_TO_32_BIT_CONVERSION = YES;
				GCC_WARN_ABOUT_RETURN_TYPE = YES_ERROR;
				GCC_WARN_UNDECLARED_SELECTOR = YES;
				GCC_WARN_UNINITIALIZED_AUTOS = YES_AGGRESSIVE;
				GCC_WARN_UNUSED_FUNCTION = YES;
				GCC_WARN_UNUSED_VARIABLE = YES;
				IPHONEOS_DEPLOYMENT_TARGET = 15.2;
				MTL_ENABLE_DEBUG_INFO = INCLUDE_SOURCE;
				MTL_FAST_MATH = YES;
				ONLY_ACTIVE_ARCH = YES;
				SDKROOT = iphoneos;
			};
			name = Debug;
		};
		1843548428E6A079006CE934 /* Release */ = {
			isa = XCBuildConfiguration;
			buildSettings = {
				ALWAYS_SEARCH_USER_PATHS = NO;
				CLANG_ANALYZER_NONNULL = YES;
				CLANG_ANALYZER_NUMBER_OBJECT_CONVERSION = YES_AGGRESSIVE;
				CLANG_CXX_LANGUAGE_STANDARD = "gnu++17";
				CLANG_CXX_LIBRARY = "libc++";
				CLANG_ENABLE_MODULES = YES;
				CLANG_ENABLE_OBJC_ARC = YES;
				CLANG_ENABLE_OBJC_WEAK = YES;
				CLANG_WARN_BLOCK_CAPTURE_AUTORELEASING = YES;
				CLANG_WARN_BOOL_CONVERSION = YES;
				CLANG_WARN_COMMA = YES;
				CLANG_WARN_CONSTANT_CONVERSION = YES;
				CLANG_WARN_DEPRECATED_OBJC_IMPLEMENTATIONS = YES;
				CLANG_WARN_DIRECT_OBJC_ISA_USAGE = YES_ERROR;
				CLANG_WARN_DOCUMENTATION_COMMENTS = YES;
				CLANG_WARN_EMPTY_BODY = YES;
				CLANG_WARN_ENUM_CONVERSION = YES;
				CLANG_WARN_INFINITE_RECURSION = YES;
				CLANG_WARN_INT_CONVERSION = YES;
				CLANG_WARN_NON_LITERAL_NULL_CONVERSION = YES;
				CLANG_WARN_OBJC_IMPLICIT_RETAIN_SELF = YES;
				CLANG_WARN_OBJC_LITERAL_CONVERSION = YES;
				CLANG_WARN_OBJC_ROOT_CLASS = YES_ERROR;
				CLANG_WARN_QUOTED_INCLUDE_IN_FRAMEWORK_HEADER = YES;
				CLANG_WARN_RANGE_LOOP_ANALYSIS = YES;
				CLANG_WARN_STRICT_PROTOTYPES = YES;
				CLANG_WARN_SUSPICIOUS_MOVE = YES;
				CLANG_WARN_UNGUARDED_AVAILABILITY = YES_AGGRESSIVE;
				CLANG_WARN_UNREACHABLE_CODE = YES;
				CLANG_WARN__DUPLICATE_METHOD_MATCH = YES;
				COPY_PHASE_STRIP = NO;
				DEBUG_INFORMATION_FORMAT = "dwarf-with-dsym";
				ENABLE_NS_ASSERTIONS = NO;
				ENABLE_STRICT_OBJC_MSGSEND = YES;
				GCC_C_LANGUAGE_STANDARD = gnu11;
				GCC_NO_COMMON_BLOCKS = YES;
				GCC_WARN_64_TO_32_BIT_CONVERSION = YES;
				GCC_WARN_ABOUT_RETURN_TYPE = YES_ERROR;
				GCC_WARN_UNDECLARED_SELECTOR = YES;
				GCC_WARN_UNINITIALIZED_AUTOS = YES_AGGRESSIVE;
				GCC_WARN_UNUSED_FUNCTION = YES;
				GCC_WARN_UNUSED_VARIABLE = YES;
				IPHONEOS_DEPLOYMENT_TARGET = 15.2;
				MTL_ENABLE_DEBUG_INFO = NO;
				MTL_FAST_MATH = YES;
				SDKROOT = iphoneos;
				VALIDATE_PRODUCT = YES;
			};
			name = Release;
		};
		1843548628E6A079006CE934 /* Debug */ = {
			isa = XCBuildConfiguration;
			baseConfigurationReference = A4800EAA56A7D6035B0E491E /* Pods-Demo.debug.xcconfig */;
			buildSettings = {
				ASSETCATALOG_COMPILER_APPICON_NAME = AppIcon;
				ASSETCATALOG_COMPILER_GLOBAL_ACCENT_COLOR_NAME = AccentColor;
				CODE_SIGN_IDENTITY = "iPhone Developer";
				CODE_SIGN_STYLE = Manual;
				CURRENT_PROJECT_VERSION = 1;
				DEVELOPMENT_TEAM = VU28PUL4GV;
				GENERATE_INFOPLIST_FILE = YES;
				INFOPLIST_FILE = Demo/Info.plist;
				INFOPLIST_KEY_UIApplicationSupportsIndirectInputEvents = YES;
				INFOPLIST_KEY_UILaunchStoryboardName = LaunchScreen;
				INFOPLIST_KEY_UIMainStoryboardFile = Main;
				INFOPLIST_KEY_UISupportedInterfaceOrientations = UIInterfaceOrientationPortrait;
				INFOPLIST_KEY_UISupportedInterfaceOrientations_iPad = "UIInterfaceOrientationPortrait UIInterfaceOrientationPortraitUpsideDown UIInterfaceOrientationLandscapeLeft UIInterfaceOrientationLandscapeRight";
				INFOPLIST_KEY_UISupportedInterfaceOrientations_iPhone = "UIInterfaceOrientationPortrait UIInterfaceOrientationLandscapeLeft UIInterfaceOrientationLandscapeRight";
				IPHONEOS_DEPLOYMENT_TARGET = 12.1;
				LD_RUNPATH_SEARCH_PATHS = (
					"$(inherited)",
					"@executable_path/Frameworks",
				);
				MARKETING_VERSION = 1.0;
				PRODUCT_BUNDLE_IDENTIFIER = com.kk.tiklive;
				PRODUCT_NAME = "$(TARGET_NAME)";
				PROVISIONING_PROFILE_SPECIFIER = tiklive_dev811;
				SWIFT_EMIT_LOC_STRINGS = YES;
				TARGETED_DEVICE_FAMILY = 1;
			};
			name = Debug;
		};
		1843548728E6A079006CE934 /* Release */ = {
			isa = XCBuildConfiguration;
			baseConfigurationReference = 7A032A2F9FECDA53711FF6E8 /* Pods-Demo.release.xcconfig */;
			buildSettings = {
				ASSETCATALOG_COMPILER_APPICON_NAME = AppIcon;
				ASSETCATALOG_COMPILER_GLOBAL_ACCENT_COLOR_NAME = AccentColor;
				CODE_SIGN_STYLE = Automatic;
				CURRENT_PROJECT_VERSION = 1;
				GENERATE_INFOPLIST_FILE = YES;
				INFOPLIST_FILE = Demo/Info.plist;
				INFOPLIST_KEY_UIApplicationSupportsIndirectInputEvents = YES;
				INFOPLIST_KEY_UILaunchStoryboardName = LaunchScreen;
				INFOPLIST_KEY_UIMainStoryboardFile = Main;
				INFOPLIST_KEY_UISupportedInterfaceOrientations = UIInterfaceOrientationPortrait;
				INFOPLIST_KEY_UISupportedInterfaceOrientations_iPad = "UIInterfaceOrientationPortrait UIInterfaceOrientationPortraitUpsideDown UIInterfaceOrientationLandscapeLeft UIInterfaceOrientationLandscapeRight";
				INFOPLIST_KEY_UISupportedInterfaceOrientations_iPhone = "UIInterfaceOrientationPortrait UIInterfaceOrientationLandscapeLeft UIInterfaceOrientationLandscapeRight";
				IPHONEOS_DEPLOYMENT_TARGET = 12.1;
				LD_RUNPATH_SEARCH_PATHS = (
					"$(inherited)",
					"@executable_path/Frameworks",
				);
				MARKETING_VERSION = 1.0;
				PRODUCT_BUNDLE_IDENTIFIER = com.anchorlive.Demo;
				PRODUCT_NAME = "$(TARGET_NAME)";
				SWIFT_EMIT_LOC_STRINGS = YES;
				TARGETED_DEVICE_FAMILY = 1;
			};
			name = Release;
		};
/* End XCBuildConfiguration section */

/* Begin XCConfigurationList section */
		1843546728E6A076006CE934 /* Build configuration list for PBXProject "Demo" */ = {
			isa = XCConfigurationList;
			buildConfigurations = (
				1843548328E6A079006CE934 /* Debug */,
				1843548428E6A079006CE934 /* Release */,
			);
			defaultConfigurationIsVisible = 0;
			defaultConfigurationName = Release;
		};
		1843548528E6A079006CE934 /* Build configuration list for PBXNativeTarget "Demo" */ = {
			isa = XCConfigurationList;
			buildConfigurations = (
				1843548628E6A079006CE934 /* Debug */,
				1843548728E6A079006CE934 /* Release */,
			);
			defaultConfigurationIsVisible = 0;
			defaultConfigurationName = Release;
		};
/* End XCConfigurationList section */
	};
	rootObject = 1843546428E6A076006CE934 /* Project object */;
}
